PODS:
  - Alamofire (5.6.1)
  - Moya (15.0.0):
    - Moya/Core (= 15.0.0)
  - Moya/Core (15.0.0):
    - Alamofire (~> 5.0)
  - Moya/RxSwift (15.0.0):
    - Moya/Core
    - RxSwift (~> 6.0)
  - PKHUD (5.3.0)
  - RxCocoa (6.5.0):
    - RxRelay (= 6.5.0)
    - RxSwift (= 6.5.0)
  - RxRelay (6.5.0):
    - RxSwift (= 6.5.0)
  - RxSwift (6.5.0)
  - SnapKit (5.6.0)
  - SwiftGen (6.5.1)
  - SwiftLint (0.47.1)
  - Unio (0.11.0):
    - RxRelay (~> 6.0)
    - RxSwift (~> 6.0)

DEPENDENCIES:
  - Moya
  - Moya/RxSwift
  - PKHUD
  - RxCocoa
  - RxSwift
  - SnapKit (~> 5.6.0)
  - SwiftGen
  - SwiftLint
  - Unio

SPEC REPOS:
  trunk:
    - Alamofire
    - Moya
    - PKHUD
    - RxCocoa
    - RxRelay
    - RxSwift
    - SnapKit
    - SwiftGen
    - SwiftLint
    - Unio

SPEC CHECKSUMS:
  Alamofire: 87bd8c952f9a4454320fce00d9cc3de57bcadaf5
  Moya: 138f0573e53411fb3dc17016add0b748dfbd78ee
  PKHUD: 98f3e4bc904b9c916f1c5bb6d765365b5357291b
  RxCocoa: 94f817b71c07517321eb4f9ad299112ca8af743b
  RxRelay: 1de1523e604c72b6c68feadedd1af3b1b4d0ecbd
  RxSwift: 5710a9e6b17f3c3d6e40d6e559b9fa1e813b2ef8
  SnapKit: e01d52ebb8ddbc333eefe2132acf85c8227d9c25
  SwiftGen: a6d22010845f08fe18fbdf3a07a8e380fd22e0ea
  SwiftLint: f80f1be7fa96d30e0aa68e58d45d4ea1ccaac519
  Unio: 6e57bd33dbcf38d281b0b420f75c0eae3bef0cf3

PODFILE CHECKSUM: a0abc24ad2ff69512a1fbdeda622d13a36b12914

COCOAPODS: 1.11.3
